
Microsoft Visual Studio Solution File, Format Version 10.00
# Visual Studio 2008
Project("{8BC9CEB8-8B4A-11D0-8D11-00A0C91BC942}") = "patl", "patl\patl_vc9.vcproj", "{23BE1DB0-519D-46C0-9374-86A222986368}"
EndProject
Project("{2150E333-8FDC-42A3-9474-1A3956D46DE8}") = "demos", "demos", "{29407335-2FE4-486A-AF1C-B0775D341DA0}"
EndProject
Project("{8BC9CEB8-8B4A-11D0-8D11-00A0C91BC942}") = "ins_test", "demos\ins_test\ins_test_vc9.vcproj", "{0D21D7EC-BFF7-4A0E-AF36-31D8F09F52EA}"
EndProject
Project("{8BC9CEB8-8B4A-11D0-8D11-00A0C91BC942}") = "insider", "demos\insider\insider_vc9.vcproj", "{F860F158-B397-4EC6-89A1-B2D6B224237E}"
EndProject
Project("{8BC9CEB8-8B4A-11D0-8D11-00A0C91BC942}") = "levenshtein", "demos\levenshtein\levenshtein_vc9.vcproj", "{5ED5F6F5-167D-44B6-B639-2CC8C2E6713F}"
EndProject
Project("{8BC9CEB8-8B4A-11D0-8D11-00A0C91BC942}") = "lz77", "demos\lz77\lz77_vc9.vcproj", "{22650F66-AEBA-4536-A77F-D5C7C81BF5F0}"
EndProject
Project("{8BC9CEB8-8B4A-11D0-8D11-00A0C91BC942}") = "maxpals", "demos\maxpals\maxpals_vc9.vcproj", "{BCD738E0-1F3B-49DD-AACC-39027C29E4ED}"
EndProject
Project("{8BC9CEB8-8B4A-11D0-8D11-00A0C91BC942}") = "multi_align", "demos\multi_align\multi_align_vc9.vcproj", "{7A13FAC0-4E98-4A6B-A39C-CEE9BD06BB20}"
EndProject
Project("{8BC9CEB8-8B4A-11D0-8D11-00A0C91BC942}") = "multi_search", "demos\multi_search\multi_search_vc9.vcproj", "{9E2FDDB1-8135-469C-A5DF-43EED1710F09}"
EndProject
Project("{8BC9CEB8-8B4A-11D0-8D11-00A0C91BC942}") = "muxoclon", "demos\muxoclon\muxoclon_vc9.vcproj", "{3A68EBA1-44F0-4AB0-AD17-4D8E75761315}"
EndProject
Project("{8BC9CEB8-8B4A-11D0-8D11-00A0C91BC942}") = "sort_lin", "demos\sort_lin\sort_lin_vc9.vcproj", "{4B0C81EF-8349-4B3B-8B20-9AA19FA21BBB}"
EndProject
Project("{8BC9CEB8-8B4A-11D0-8D11-00A0C91BC942}") = "usort3", "demos\usort3\usort3_vc9.vcproj", "{C0BB99CC-4103-495B-9A30-CBDE311EB844}"
EndProject
Project("{8BC9CEB8-8B4A-11D0-8D11-00A0C91BC942}") = "word_suffix", "demos\word_suffix\word_suffix_vc9.vcproj", "{7F0FF6B7-EFB0-48A4-9C90-3F4A13A3B445}"
EndProject
Global
	GlobalSection(SolutionConfigurationPlatforms) = preSolution
		Debug|Win32 = Debug|Win32
		Release|Win32 = Release|Win32
	EndGlobalSection
	GlobalSection(ProjectConfigurationPlatforms) = postSolution
		{23BE1DB0-519D-46C0-9374-86A222986368}.Debug|Win32.ActiveCfg = Debug|Win32
		{23BE1DB0-519D-46C0-9374-86A222986368}.Debug|Win32.Build.0 = Debug|Win32
		{23BE1DB0-519D-46C0-9374-86A222986368}.Release|Win32.ActiveCfg = Release|Win32
		{23BE1DB0-519D-46C0-9374-86A222986368}.Release|Win32.Build.0 = Release|Win32
		{0D21D7EC-BFF7-4A0E-AF36-31D8F09F52EA}.Debug|Win32.ActiveCfg = Debug|Win32
		{0D21D7EC-BFF7-4A0E-AF36-31D8F09F52EA}.Debug|Win32.Build.0 = Debug|Win32
		{0D21D7EC-BFF7-4A0E-AF36-31D8F09F52EA}.Release|Win32.ActiveCfg = Release|Win32
		{0D21D7EC-BFF7-4A0E-AF36-31D8F09F52EA}.Release|Win32.Build.0 = Release|Win32
		{F860F158-B397-4EC6-89A1-B2D6B224237E}.Debug|Win32.ActiveCfg = Debug|Win32
		{F860F158-B397-4EC6-89A1-B2D6B224237E}.Debug|Win32.Build.0 = Debug|Win32
		{F860F158-B397-4EC6-89A1-B2D6B224237E}.Release|Win32.ActiveCfg = Release|Win32
		{F860F158-B397-4EC6-89A1-B2D6B224237E}.Release|Win32.Build.0 = Release|Win32
		{5ED5F6F5-167D-44B6-B639-2CC8C2E6713F}.Debug|Win32.ActiveCfg = Debug|Win32
		{5ED5F6F5-167D-44B6-B639-2CC8C2E6713F}.Debug|Win32.Build.0 = Debug|Win32
		{5ED5F6F5-167D-44B6-B639-2CC8C2E6713F}.Release|Win32.ActiveCfg = Release|Win32
		{5ED5F6F5-167D-44B6-B639-2CC8C2E6713F}.Release|Win32.Build.0 = Release|Win32
		{22650F66-AEBA-4536-A77F-D5C7C81BF5F0}.Debug|Win32.ActiveCfg = Debug|Win32
		{22650F66-AEBA-4536-A77F-D5C7C81BF5F0}.Debug|Win32.Build.0 = Debug|Win32
		{22650F66-AEBA-4536-A77F-D5C7C81BF5F0}.Release|Win32.ActiveCfg = Release|Win32
		{22650F66-AEBA-4536-A77F-D5C7C81BF5F0}.Release|Win32.Build.0 = Release|Win32
		{BCD738E0-1F3B-49DD-AACC-39027C29E4ED}.Debug|Win32.ActiveCfg = Debug|Win32
		{BCD738E0-1F3B-49DD-AACC-39027C29E4ED}.Debug|Win32.Build.0 = Debug|Win32
		{BCD738E0-1F3B-49DD-AACC-39027C29E4ED}.Release|Win32.ActiveCfg = Release|Win32
		{BCD738E0-1F3B-49DD-AACC-39027C29E4ED}.Release|Win32.Build.0 = Release|Win32
		{7A13FAC0-4E98-4A6B-A39C-CEE9BD06BB20}.Debug|Win32.ActiveCfg = Debug|Win32
		{7A13FAC0-4E98-4A6B-A39C-CEE9BD06BB20}.Debug|Win32.Build.0 = Debug|Win32
		{7A13FAC0-4E98-4A6B-A39C-CEE9BD06BB20}.Release|Win32.ActiveCfg = Release|Win32
		{7A13FAC0-4E98-4A6B-A39C-CEE9BD06BB20}.Release|Win32.Build.0 = Release|Win32
		{9E2FDDB1-8135-469C-A5DF-43EED1710F09}.Debug|Win32.ActiveCfg = Debug|Win32
		{9E2FDDB1-8135-469C-A5DF-43EED1710F09}.Debug|Win32.Build.0 = Debug|Win32
		{9E2FDDB1-8135-469C-A5DF-43EED1710F09}.Release|Win32.ActiveCfg = Release|Win32
		{9E2FDDB1-8135-469C-A5DF-43EED1710F09}.Release|Win32.Build.0 = Release|Win32
		{3A68EBA1-44F0-4AB0-AD17-4D8E75761315}.Debug|Win32.ActiveCfg = Debug|Win32
		{3A68EBA1-44F0-4AB0-AD17-4D8E75761315}.Debug|Win32.Build.0 = Debug|Win32
		{3A68EBA1-44F0-4AB0-AD17-4D8E75761315}.Release|Win32.ActiveCfg = Release|Win32
		{3A68EBA1-44F0-4AB0-AD17-4D8E75761315}.Release|Win32.Build.0 = Release|Win32
		{4B0C81EF-8349-4B3B-8B20-9AA19FA21BBB}.Debug|Win32.ActiveCfg = Debug|Win32
		{4B0C81EF-8349-4B3B-8B20-9AA19FA21BBB}.Debug|Win32.Build.0 = Debug|Win32
		{4B0C81EF-8349-4B3B-8B20-9AA19FA21BBB}.Release|Win32.ActiveCfg = Release|Win32
		{4B0C81EF-8349-4B3B-8B20-9AA19FA21BBB}.Release|Win32.Build.0 = Release|Win32
		{C0BB99CC-4103-495B-9A30-CBDE311EB844}.Debug|Win32.ActiveCfg = Debug|Win32
		{C0BB99CC-4103-495B-9A30-CBDE311EB844}.Debug|Win32.Build.0 = Debug|Win32
		{C0BB99CC-4103-495B-9A30-CBDE311EB844}.Release|Win32.ActiveCfg = Release|Win32
		{C0BB99CC-4103-495B-9A30-CBDE311EB844}.Release|Win32.Build.0 = Release|Win32
		{7F0FF6B7-EFB0-48A4-9C90-3F4A13A3B445}.Debug|Win32.ActiveCfg = Debug|Win32
		{7F0FF6B7-EFB0-48A4-9C90-3F4A13A3B445}.Debug|Win32.Build.0 = Debug|Win32
		{7F0FF6B7-EFB0-48A4-9C90-3F4A13A3B445}.Release|Win32.ActiveCfg = Release|Win32
		{7F0FF6B7-EFB0-48A4-9C90-3F4A13A3B445}.Release|Win32.Build.0 = Release|Win32
	EndGlobalSection
	GlobalSection(SolutionProperties) = preSolution
		HideSolutionNode = FALSE
	EndGlobalSection
	GlobalSection(NestedProjects) = preSolution
		{0D21D7EC-BFF7-4A0E-AF36-31D8F09F52EA} = {29407335-2FE4-486A-AF1C-B0775D341DA0}
		{F860F158-B397-4EC6-89A1-B2D6B224237E} = {29407335-2FE4-486A-AF1C-B0775D341DA0}
		{5ED5F6F5-167D-44B6-B639-2CC8C2E6713F} = {29407335-2FE4-486A-AF1C-B0775D341DA0}
		{22650F66-AEBA-4536-A77F-D5C7C81BF5F0} = {29407335-2FE4-486A-AF1C-B0775D341DA0}
		{BCD738E0-1F3B-49DD-AACC-39027C29E4ED} = {29407335-2FE4-486A-AF1C-B0775D341DA0}
		{7A13FAC0-4E98-4A6B-A39C-CEE9BD06BB20} = {29407335-2FE4-486A-AF1C-B0775D341DA0}
		{9E2FDDB1-8135-469C-A5DF-43EED1710F09} = {29407335-2FE4-486A-AF1C-B0775D341DA0}
		{3A68EBA1-44F0-4AB0-AD17-4D8E75761315} = {29407335-2FE4-486A-AF1C-B0775D341DA0}
		{4B0C81EF-8349-4B3B-8B20-9AA19FA21BBB} = {29407335-2FE4-486A-AF1C-B0775D341DA0}
		{C0BB99CC-4103-495B-9A30-CBDE311EB844} = {29407335-2FE4-486A-AF1C-B0775D341DA0}
		{7F0FF6B7-EFB0-48A4-9C90-3F4A13A3B445} = {29407335-2FE4-486A-AF1C-B0775D341DA0}
	EndGlobalSection
EndGlobal
