
Microsoft Visual Studio Solution File, Format Version 11.00
# Visual Studio 2010
Project("{2150E333-8FDC-42A3-9474-1A3956D46DE8}") = "demos", "demos", "{AEA8064F-EA46-4484-9264-1D5967535DBD}"
EndProject
Project("{8BC9CEB8-8B4A-11D0-8D11-00A0C91BC942}") = "patl_vc10", "patl\patl_vc10.vcxproj", "{92196235-55AE-4D48-A877-2BB12E3106AA}"
EndProject
Project("{8BC9CEB8-8B4A-11D0-8D11-00A0C91BC942}") = "insider_vc10", "demos\insider\insider_vc10.vcxproj", "{F860F158-B397-4EC6-89A1-B2D6B224237E}"
EndProject
Project("{8BC9CEB8-8B4A-11D0-8D11-00A0C91BC942}") = "lz77_vc10", "demos\lz77\lz77_vc10.vcxproj", "{22650F66-AEBA-4536-A77F-D5C7C81BF5F0}"
EndProject
Project("{8BC9CEB8-8B4A-11D0-8D11-00A0C91BC942}") = "maxpals_vc10", "demos\maxpals\maxpals_vc10.vcxproj", "{BCD738E0-1F3B-49DD-AACC-39027C29E4ED}"
EndProject
Project("{8BC9CEB8-8B4A-11D0-8D11-00A0C91BC942}") = "multi_search_vc10", "demos\multi_search\multi_search_vc10.vcxproj", "{9E2FDDB1-8135-469C-A5DF-43EED1710F09}"
EndProject
Project("{8BC9CEB8-8B4A-11D0-8D11-00A0C91BC942}") = "usort3_vc10", "demos\usort3\usort3_vc10.vcxproj", "{C0BB99CC-4103-495B-9A30-CBDE311EB844}"
EndProject
Project("{8BC9CEB8-8B4A-11D0-8D11-00A0C91BC942}") = "word_suffix_vc10", "demos\word_suffix\word_suffix_vc10.vcxproj", "{7F0FF6B7-EFB0-48A4-9C90-3F4A13A3B445}"
EndProject
Project("{8BC9CEB8-8B4A-11D0-8D11-00A0C91BC942}") = "muxoclon_vc10", "demos\muxoclon\muxoclon_vc10.vcxproj", "{3A68EBA1-44F0-4AB0-AD17-4D8E75761315}"
EndProject
Project("{8BC9CEB8-8B4A-11D0-8D11-00A0C91BC942}") = "levenshtein_vc10", "demos\levenshtein\levenshtein_vc10.vcxproj", "{5ED5F6F5-167D-44B6-B639-2CC8C2E6713F}"
EndProject
Project("{8BC9CEB8-8B4A-11D0-8D11-00A0C91BC942}") = "sort_lin_vc10", "demos\sort_lin\sort_lin_vc10.vcxproj", "{4B0C81EF-8349-4B3B-8B20-9AA19FA21BBB}"
EndProject
Project("{8BC9CEB8-8B4A-11D0-8D11-00A0C91BC942}") = "multi_align_vc10", "demos\multi_align\multi_align_vc10.vcxproj", "{7A13FAC0-4E98-4A6B-A39C-CEE9BD06BB20}"
EndProject
Project("{8BC9CEB8-8B4A-11D0-8D11-00A0C91BC942}") = "ins_test_vc10", "demos\ins_test\ins_test_vc10.vcxproj", "{60AF6861-17CD-4F02-9A83-92567D588645}"
EndProject
Global
	GlobalSection(SolutionConfigurationPlatforms) = preSolution
		Debug|Win32 = Debug|Win32
		Release|Win32 = Release|Win32
	EndGlobalSection
	GlobalSection(ProjectConfigurationPlatforms) = postSolution
		{92196235-55AE-4D48-A877-2BB12E3106AA}.Debug|Win32.ActiveCfg = Debug|Win32
		{92196235-55AE-4D48-A877-2BB12E3106AA}.Debug|Win32.Build.0 = Debug|Win32
		{92196235-55AE-4D48-A877-2BB12E3106AA}.Release|Win32.ActiveCfg = Release|Win32
		{92196235-55AE-4D48-A877-2BB12E3106AA}.Release|Win32.Build.0 = Release|Win32
		{F860F158-B397-4EC6-89A1-B2D6B224237E}.Debug|Win32.ActiveCfg = Debug|Win32
		{F860F158-B397-4EC6-89A1-B2D6B224237E}.Debug|Win32.Build.0 = Debug|Win32
		{F860F158-B397-4EC6-89A1-B2D6B224237E}.Release|Win32.ActiveCfg = Release|Win32
		{F860F158-B397-4EC6-89A1-B2D6B224237E}.Release|Win32.Build.0 = Release|Win32
		{22650F66-AEBA-4536-A77F-D5C7C81BF5F0}.Debug|Win32.ActiveCfg = Debug|Win32
		{22650F66-AEBA-4536-A77F-D5C7C81BF5F0}.Debug|Win32.Build.0 = Debug|Win32
		{22650F66-AEBA-4536-A77F-D5C7C81BF5F0}.Release|Win32.ActiveCfg = Release|Win32
		{22650F66-AEBA-4536-A77F-D5C7C81BF5F0}.Release|Win32.Build.0 = Release|Win32
		{BCD738E0-1F3B-49DD-AACC-39027C29E4ED}.Debug|Win32.ActiveCfg = Debug|Win32
		{BCD738E0-1F3B-49DD-AACC-39027C29E4ED}.Debug|Win32.Build.0 = Debug|Win32
		{BCD738E0-1F3B-49DD-AACC-39027C29E4ED}.Release|Win32.ActiveCfg = Release|Win32
		{BCD738E0-1F3B-49DD-AACC-39027C29E4ED}.Release|Win32.Build.0 = Release|Win32
		{9E2FDDB1-8135-469C-A5DF-43EED1710F09}.Debug|Win32.ActiveCfg = Debug|Win32
		{9E2FDDB1-8135-469C-A5DF-43EED1710F09}.Debug|Win32.Build.0 = Debug|Win32
		{9E2FDDB1-8135-469C-A5DF-43EED1710F09}.Release|Win32.ActiveCfg = Release|Win32
		{9E2FDDB1-8135-469C-A5DF-43EED1710F09}.Release|Win32.Build.0 = Release|Win32
		{C0BB99CC-4103-495B-9A30-CBDE311EB844}.Debug|Win32.ActiveCfg = Debug|Win32
		{C0BB99CC-4103-495B-9A30-CBDE311EB844}.Debug|Win32.Build.0 = Debug|Win32
		{C0BB99CC-4103-495B-9A30-CBDE311EB844}.Release|Win32.ActiveCfg = Release|Win32
		{C0BB99CC-4103-495B-9A30-CBDE311EB844}.Release|Win32.Build.0 = Release|Win32
		{7F0FF6B7-EFB0-48A4-9C90-3F4A13A3B445}.Debug|Win32.ActiveCfg = Debug|Win32
		{7F0FF6B7-EFB0-48A4-9C90-3F4A13A3B445}.Debug|Win32.Build.0 = Debug|Win32
		{7F0FF6B7-EFB0-48A4-9C90-3F4A13A3B445}.Release|Win32.ActiveCfg = Release|Win32
		{7F0FF6B7-EFB0-48A4-9C90-3F4A13A3B445}.Release|Win32.Build.0 = Release|Win32
		{3A68EBA1-44F0-4AB0-AD17-4D8E75761315}.Debug|Win32.ActiveCfg = Debug|Win32
		{3A68EBA1-44F0-4AB0-AD17-4D8E75761315}.Debug|Win32.Build.0 = Debug|Win32
		{3A68EBA1-44F0-4AB0-AD17-4D8E75761315}.Release|Win32.ActiveCfg = Release|Win32
		{3A68EBA1-44F0-4AB0-AD17-4D8E75761315}.Release|Win32.Build.0 = Release|Win32
		{5ED5F6F5-167D-44B6-B639-2CC8C2E6713F}.Debug|Win32.ActiveCfg = Debug|Win32
		{5ED5F6F5-167D-44B6-B639-2CC8C2E6713F}.Debug|Win32.Build.0 = Debug|Win32
		{5ED5F6F5-167D-44B6-B639-2CC8C2E6713F}.Release|Win32.ActiveCfg = Release|Win32
		{5ED5F6F5-167D-44B6-B639-2CC8C2E6713F}.Release|Win32.Build.0 = Release|Win32
		{4B0C81EF-8349-4B3B-8B20-9AA19FA21BBB}.Debug|Win32.ActiveCfg = Debug|Win32
		{4B0C81EF-8349-4B3B-8B20-9AA19FA21BBB}.Debug|Win32.Build.0 = Debug|Win32
		{4B0C81EF-8349-4B3B-8B20-9AA19FA21BBB}.Release|Win32.ActiveCfg = Release|Win32
		{4B0C81EF-8349-4B3B-8B20-9AA19FA21BBB}.Release|Win32.Build.0 = Release|Win32
		{7A13FAC0-4E98-4A6B-A39C-CEE9BD06BB20}.Debug|Win32.ActiveCfg = Debug|Win32
		{7A13FAC0-4E98-4A6B-A39C-CEE9BD06BB20}.Debug|Win32.Build.0 = Debug|Win32
		{7A13FAC0-4E98-4A6B-A39C-CEE9BD06BB20}.Release|Win32.ActiveCfg = Release|Win32
		{7A13FAC0-4E98-4A6B-A39C-CEE9BD06BB20}.Release|Win32.Build.0 = Release|Win32
		{60AF6861-17CD-4F02-9A83-92567D588645}.Debug|Win32.ActiveCfg = Debug|Win32
		{60AF6861-17CD-4F02-9A83-92567D588645}.Debug|Win32.Build.0 = Debug|Win32
		{60AF6861-17CD-4F02-9A83-92567D588645}.Release|Win32.ActiveCfg = Release|Win32
		{60AF6861-17CD-4F02-9A83-92567D588645}.Release|Win32.Build.0 = Release|Win32
	EndGlobalSection
	GlobalSection(SolutionProperties) = preSolution
		HideSolutionNode = FALSE
	EndGlobalSection
	GlobalSection(NestedProjects) = preSolution
		{F860F158-B397-4EC6-89A1-B2D6B224237E} = {AEA8064F-EA46-4484-9264-1D5967535DBD}
		{22650F66-AEBA-4536-A77F-D5C7C81BF5F0} = {AEA8064F-EA46-4484-9264-1D5967535DBD}
		{BCD738E0-1F3B-49DD-AACC-39027C29E4ED} = {AEA8064F-EA46-4484-9264-1D5967535DBD}
		{9E2FDDB1-8135-469C-A5DF-43EED1710F09} = {AEA8064F-EA46-4484-9264-1D5967535DBD}
		{C0BB99CC-4103-495B-9A30-CBDE311EB844} = {AEA8064F-EA46-4484-9264-1D5967535DBD}
		{7F0FF6B7-EFB0-48A4-9C90-3F4A13A3B445} = {AEA8064F-EA46-4484-9264-1D5967535DBD}
		{3A68EBA1-44F0-4AB0-AD17-4D8E75761315} = {AEA8064F-EA46-4484-9264-1D5967535DBD}
		{5ED5F6F5-167D-44B6-B639-2CC8C2E6713F} = {AEA8064F-EA46-4484-9264-1D5967535DBD}
		{4B0C81EF-8349-4B3B-8B20-9AA19FA21BBB} = {AEA8064F-EA46-4484-9264-1D5967535DBD}
		{7A13FAC0-4E98-4A6B-A39C-CEE9BD06BB20} = {AEA8064F-EA46-4484-9264-1D5967535DBD}
		{60AF6861-17CD-4F02-9A83-92567D588645} = {AEA8064F-EA46-4484-9264-1D5967535DBD}
	EndGlobalSection
	GlobalSection(ExtensibilityGlobals) = postSolution
		VisualSVNWorkingCopyRoot = 
	EndGlobalSection
EndGlobal
